
Microsoft Visual Studio Solution File, Format Version 12.00
# Visual Studio Version 17
VisualStudioVersion = 17.0.31903.59
MinimumVisualStudioVersion = 10.0.40219.1
Project("{2150E333-8FDC-42A3-9474-1A3956D46DE8}") = "src", "src", "{827E0CD3-B72D-47B6-A68D-7590B98EB39B}"
EndProject
Project("{FAE04EC0-301F-11D3-BF4B-00C04F79EFBC}") = "BicycleAPI.Domain", "src\BicycleAPI.Domain\BicycleAPI.Domain.csproj", "{8D2AD0E1-44E7-4673-874C-7CE148FADF46}"
EndProject
Project("{FAE04EC0-301F-11D3-BF4B-00C04F79EFBC}") = "BicycleAPI.Application", "src\BicycleAPI.Application\BicycleAPI.Application.csproj", "{A8F17C2B-4A1B-44E2-8341-C3534002605B}"
EndProject
Project("{FAE04EC0-301F-11D3-BF4B-00C04F79EFBC}") = "BicycleAPI.Infrastructure", "src\BicycleAPI.Infrastructure\BicycleAPI.Infrastructure.csproj", "{8AA99EAF-D036-45F8-8496-DDAA2EA86EA5}"
EndProject
Project("{FAE04EC0-301F-11D3-BF4B-00C04F79EFBC}") = "BicycleAPI.Api", "src\BicycleAPI.Api\BicycleAPI.Api.csproj", "{C0B764AB-3DED-4A64-AE4A-13F3823C20F5}"
EndProject
Project("{2150E333-8FDC-42A3-9474-1A3956D46DE8}") = "tests", "tests", "{0AB3BF05-4346-4AA6-1389-037BE0695223}"
EndProject
Project("{FAE04EC0-301F-11D3-BF4B-00C04F79EFBC}") = "BicycleAPI.Domain.UnitTests", "tests\BicycleAPI.Domain.UnitTests\BicycleAPI.Domain.UnitTests.csproj", "{2474DA8B-8078-48C9-9676-04DC9411AFD3}"
EndProject
Project("{FAE04EC0-301F-11D3-BF4B-00C04F79EFBC}") = "BicycleAPI.Application.UnitTests", "tests\BicycleAPI.Application.UnitTests\BicycleAPI.Application.UnitTests.csproj", "{957D0C99-8CB1-4D6D-8DFE-FD4CDF1DC37B}"
EndProject
Project("{FAE04EC0-301F-11D3-BF4B-00C04F79EFBC}") = "BicycleAPI.Infrastructure.UnitTests", "tests\BicycleAPI.Infrastructure.UnitTests\BicycleAPI.Infrastructure.UnitTests.csproj", "{EA3DF0A2-4516-42B6-8766-4E897524C875}"
EndProject
Project("{2150E333-8FDC-42A3-9474-1A3956D46DE8}") = "shared", "shared", "{4F52FD11-658E-A102-6CD3-7D7C16FFA15B}"
EndProject
Project("{FAE04EC0-301F-11D3-BF4B-00C04F79EFBC}") = "Shared", "shared\Shared\Shared.csproj", "{DBF438D3-E127-401E-9B3A-C19BB7CBCD6E}"
EndProject
Project("{FAE04EC0-301F-11D3-BF4B-00C04F79EFBC}") = "Shared.UnitTests", "shared\Shared.UnitTests\Shared.UnitTests.csproj", "{DACB2872-F6B6-4302-B099-BE07CD6C8A4C}"
EndProject
Global
	GlobalSection(SolutionConfigurationPlatforms) = preSolution
		Debug|Any CPU = Debug|Any CPU
		Debug|x64 = Debug|x64
		Debug|x86 = Debug|x86
		Release|Any CPU = Release|Any CPU
		Release|x64 = Release|x64
		Release|x86 = Release|x86
	EndGlobalSection
	GlobalSection(ProjectConfigurationPlatforms) = postSolution
		{8D2AD0E1-44E7-4673-874C-7CE148FADF46}.Debug|Any CPU.ActiveCfg = Debug|Any CPU
		{8D2AD0E1-44E7-4673-874C-7CE148FADF46}.Debug|Any CPU.Build.0 = Debug|Any CPU
		{8D2AD0E1-44E7-4673-874C-7CE148FADF46}.Debug|x64.ActiveCfg = Debug|Any CPU
		{8D2AD0E1-44E7-4673-874C-7CE148FADF46}.Debug|x64.Build.0 = Debug|Any CPU
		{8D2AD0E1-44E7-4673-874C-7CE148FADF46}.Debug|x86.ActiveCfg = Debug|Any CPU
		{8D2AD0E1-44E7-4673-874C-7CE148FADF46}.Debug|x86.Build.0 = Debug|Any CPU
		{8D2AD0E1-44E7-4673-874C-7CE148FADF46}.Release|Any CPU.ActiveCfg = Release|Any CPU
		{8D2AD0E1-44E7-4673-874C-7CE148FADF46}.Release|Any CPU.Build.0 = Release|Any CPU
		{8D2AD0E1-44E7-4673-874C-7CE148FADF46}.Release|x64.ActiveCfg = Release|Any CPU
		{8D2AD0E1-44E7-4673-874C-7CE148FADF46}.Release|x64.Build.0 = Release|Any CPU
		{8D2AD0E1-44E7-4673-874C-7CE148FADF46}.Release|x86.ActiveCfg = Release|Any CPU
		{8D2AD0E1-44E7-4673-874C-7CE148FADF46}.Release|x86.Build.0 = Release|Any CPU
		{A8F17C2B-4A1B-44E2-8341-C3534002605B}.Debug|Any CPU.ActiveCfg = Debug|Any CPU
		{A8F17C2B-4A1B-44E2-8341-C3534002605B}.Debug|Any CPU.Build.0 = Debug|Any CPU
		{A8F17C2B-4A1B-44E2-8341-C3534002605B}.Debug|x64.ActiveCfg = Debug|Any CPU
		{A8F17C2B-4A1B-44E2-8341-C3534002605B}.Debug|x64.Build.0 = Debug|Any CPU
		{A8F17C2B-4A1B-44E2-8341-C3534002605B}.Debug|x86.ActiveCfg = Debug|Any CPU
		{A8F17C2B-4A1B-44E2-8341-C3534002605B}.Debug|x86.Build.0 = Debug|Any CPU
		{A8F17C2B-4A1B-44E2-8341-C3534002605B}.Release|Any CPU.ActiveCfg = Release|Any CPU
		{A8F17C2B-4A1B-44E2-8341-C3534002605B}.Release|Any CPU.Build.0 = Release|Any CPU
		{A8F17C2B-4A1B-44E2-8341-C3534002605B}.Release|x64.ActiveCfg = Release|Any CPU
		{A8F17C2B-4A1B-44E2-8341-C3534002605B}.Release|x64.Build.0 = Release|Any CPU
		{A8F17C2B-4A1B-44E2-8341-C3534002605B}.Release|x86.ActiveCfg = Release|Any CPU
		{A8F17C2B-4A1B-44E2-8341-C3534002605B}.Release|x86.Build.0 = Release|Any CPU
		{8AA99EAF-D036-45F8-8496-DDAA2EA86EA5}.Debug|Any CPU.ActiveCfg = Debug|Any CPU
		{8AA99EAF-D036-45F8-8496-DDAA2EA86EA5}.Debug|Any CPU.Build.0 = Debug|Any CPU
		{8AA99EAF-D036-45F8-8496-DDAA2EA86EA5}.Debug|x64.ActiveCfg = Debug|Any CPU
		{8AA99EAF-D036-45F8-8496-DDAA2EA86EA5}.Debug|x64.Build.0 = Debug|Any CPU
		{8AA99EAF-D036-45F8-8496-DDAA2EA86EA5}.Debug|x86.ActiveCfg = Debug|Any CPU
		{8AA99EAF-D036-45F8-8496-DDAA2EA86EA5}.Debug|x86.Build.0 = Debug|Any CPU
		{8AA99EAF-D036-45F8-8496-DDAA2EA86EA5}.Release|Any CPU.ActiveCfg = Release|Any CPU
		{8AA99EAF-D036-45F8-8496-DDAA2EA86EA5}.Release|Any CPU.Build.0 = Release|Any CPU
		{8AA99EAF-D036-45F8-8496-DDAA2EA86EA5}.Release|x64.ActiveCfg = Release|Any CPU
		{8AA99EAF-D036-45F8-8496-DDAA2EA86EA5}.Release|x64.Build.0 = Release|Any CPU
		{8AA99EAF-D036-45F8-8496-DDAA2EA86EA5}.Release|x86.ActiveCfg = Release|Any CPU
		{8AA99EAF-D036-45F8-8496-DDAA2EA86EA5}.Release|x86.Build.0 = Release|Any CPU
		{C0B764AB-3DED-4A64-AE4A-13F3823C20F5}.Debug|Any CPU.ActiveCfg = Debug|Any CPU
		{C0B764AB-3DED-4A64-AE4A-13F3823C20F5}.Debug|Any CPU.Build.0 = Debug|Any CPU
		{C0B764AB-3DED-4A64-AE4A-13F3823C20F5}.Debug|x64.ActiveCfg = Debug|Any CPU
		{C0B764AB-3DED-4A64-AE4A-13F3823C20F5}.Debug|x64.Build.0 = Debug|Any CPU
		{C0B764AB-3DED-4A64-AE4A-13F3823C20F5}.Debug|x86.ActiveCfg = Debug|Any CPU
		{C0B764AB-3DED-4A64-AE4A-13F3823C20F5}.Debug|x86.Build.0 = Debug|Any CPU
		{C0B764AB-3DED-4A64-AE4A-13F3823C20F5}.Release|Any CPU.ActiveCfg = Release|Any CPU
		{C0B764AB-3DED-4A64-AE4A-13F3823C20F5}.Release|Any CPU.Build.0 = Release|Any CPU
		{C0B764AB-3DED-4A64-AE4A-13F3823C20F5}.Release|x64.ActiveCfg = Release|Any CPU
		{C0B764AB-3DED-4A64-AE4A-13F3823C20F5}.Release|x64.Build.0 = Release|Any CPU
		{C0B764AB-3DED-4A64-AE4A-13F3823C20F5}.Release|x86.ActiveCfg = Release|Any CPU
		{C0B764AB-3DED-4A64-AE4A-13F3823C20F5}.Release|x86.Build.0 = Release|Any CPU
		{2474DA8B-8078-48C9-9676-04DC9411AFD3}.Debug|Any CPU.ActiveCfg = Debug|Any CPU
		{2474DA8B-8078-48C9-9676-04DC9411AFD3}.Debug|Any CPU.Build.0 = Debug|Any CPU
		{2474DA8B-8078-48C9-9676-04DC9411AFD3}.Debug|x64.ActiveCfg = Debug|Any CPU
		{2474DA8B-8078-48C9-9676-04DC9411AFD3}.Debug|x64.Build.0 = Debug|Any CPU
		{2474DA8B-8078-48C9-9676-04DC9411AFD3}.Debug|x86.ActiveCfg = Debug|Any CPU
		{2474DA8B-8078-48C9-9676-04DC9411AFD3}.Debug|x86.Build.0 = Debug|Any CPU
		{2474DA8B-8078-48C9-9676-04DC9411AFD3}.Release|Any CPU.ActiveCfg = Release|Any CPU
		{2474DA8B-8078-48C9-9676-04DC9411AFD3}.Release|Any CPU.Build.0 = Release|Any CPU
		{2474DA8B-8078-48C9-9676-04DC9411AFD3}.Release|x64.ActiveCfg = Release|Any CPU
		{2474DA8B-8078-48C9-9676-04DC9411AFD3}.Release|x64.Build.0 = Release|Any CPU
		{2474DA8B-8078-48C9-9676-04DC9411AFD3}.Release|x86.ActiveCfg = Release|Any CPU
		{2474DA8B-8078-48C9-9676-04DC9411AFD3}.Release|x86.Build.0 = Release|Any CPU
		{957D0C99-8CB1-4D6D-8DFE-FD4CDF1DC37B}.Debug|Any CPU.ActiveCfg = Debug|Any CPU
		{957D0C99-8CB1-4D6D-8DFE-FD4CDF1DC37B}.Debug|Any CPU.Build.0 = Debug|Any CPU
		{957D0C99-8CB1-4D6D-8DFE-FD4CDF1DC37B}.Debug|x64.ActiveCfg = Debug|Any CPU
		{957D0C99-8CB1-4D6D-8DFE-FD4CDF1DC37B}.Debug|x64.Build.0 = Debug|Any CPU
		{957D0C99-8CB1-4D6D-8DFE-FD4CDF1DC37B}.Debug|x86.ActiveCfg = Debug|Any CPU
		{957D0C99-8CB1-4D6D-8DFE-FD4CDF1DC37B}.Debug|x86.Build.0 = Debug|Any CPU
		{957D0C99-8CB1-4D6D-8DFE-FD4CDF1DC37B}.Release|Any CPU.ActiveCfg = Release|Any CPU
		{957D0C99-8CB1-4D6D-8DFE-FD4CDF1DC37B}.Release|Any CPU.Build.0 = Release|Any CPU
		{957D0C99-8CB1-4D6D-8DFE-FD4CDF1DC37B}.Release|x64.ActiveCfg = Release|Any CPU
		{957D0C99-8CB1-4D6D-8DFE-FD4CDF1DC37B}.Release|x64.Build.0 = Release|Any CPU
		{957D0C99-8CB1-4D6D-8DFE-FD4CDF1DC37B}.Release|x86.ActiveCfg = Release|Any CPU
		{957D0C99-8CB1-4D6D-8DFE-FD4CDF1DC37B}.Release|x86.Build.0 = Release|Any CPU
		{EA3DF0A2-4516-42B6-8766-4E897524C875}.Debug|Any CPU.ActiveCfg = Debug|Any CPU
		{EA3DF0A2-4516-42B6-8766-4E897524C875}.Debug|Any CPU.Build.0 = Debug|Any CPU
		{EA3DF0A2-4516-42B6-8766-4E897524C875}.Debug|x64.ActiveCfg = Debug|Any CPU
		{EA3DF0A2-4516-42B6-8766-4E897524C875}.Debug|x64.Build.0 = Debug|Any CPU
		{EA3DF0A2-4516-42B6-8766-4E897524C875}.Debug|x86.ActiveCfg = Debug|Any CPU
		{EA3DF0A2-4516-42B6-8766-4E897524C875}.Debug|x86.Build.0 = Debug|Any CPU
		{EA3DF0A2-4516-42B6-8766-4E897524C875}.Release|Any CPU.ActiveCfg = Release|Any CPU
		{EA3DF0A2-4516-42B6-8766-4E897524C875}.Release|Any CPU.Build.0 = Release|Any CPU
		{EA3DF0A2-4516-42B6-8766-4E897524C875}.Release|x64.ActiveCfg = Release|Any CPU
		{EA3DF0A2-4516-42B6-8766-4E897524C875}.Release|x64.Build.0 = Release|Any CPU
		{EA3DF0A2-4516-42B6-8766-4E897524C875}.Release|x86.ActiveCfg = Release|Any CPU
		{EA3DF0A2-4516-42B6-8766-4E897524C875}.Release|x86.Build.0 = Release|Any CPU
		{DBF438D3-E127-401E-9B3A-C19BB7CBCD6E}.Debug|Any CPU.ActiveCfg = Debug|Any CPU
		{DBF438D3-E127-401E-9B3A-C19BB7CBCD6E}.Debug|Any CPU.Build.0 = Debug|Any CPU
		{DBF438D3-E127-401E-9B3A-C19BB7CBCD6E}.Debug|x64.ActiveCfg = Debug|Any CPU
		{DBF438D3-E127-401E-9B3A-C19BB7CBCD6E}.Debug|x64.Build.0 = Debug|Any CPU
		{DBF438D3-E127-401E-9B3A-C19BB7CBCD6E}.Debug|x86.ActiveCfg = Debug|Any CPU
		{DBF438D3-E127-401E-9B3A-C19BB7CBCD6E}.Debug|x86.Build.0 = Debug|Any CPU
		{DBF438D3-E127-401E-9B3A-C19BB7CBCD6E}.Release|Any CPU.ActiveCfg = Release|Any CPU
		{DBF438D3-E127-401E-9B3A-C19BB7CBCD6E}.Release|Any CPU.Build.0 = Release|Any CPU
		{DBF438D3-E127-401E-9B3A-C19BB7CBCD6E}.Release|x64.ActiveCfg = Release|Any CPU
		{DBF438D3-E127-401E-9B3A-C19BB7CBCD6E}.Release|x64.Build.0 = Release|Any CPU
		{DBF438D3-E127-401E-9B3A-C19BB7CBCD6E}.Release|x86.ActiveCfg = Release|Any CPU
		{DBF438D3-E127-401E-9B3A-C19BB7CBCD6E}.Release|x86.Build.0 = Release|Any CPU
		{DACB2872-F6B6-4302-B099-BE07CD6C8A4C}.Debug|Any CPU.ActiveCfg = Debug|Any CPU
		{DACB2872-F6B6-4302-B099-BE07CD6C8A4C}.Debug|Any CPU.Build.0 = Debug|Any CPU
		{DACB2872-F6B6-4302-B099-BE07CD6C8A4C}.Debug|x64.ActiveCfg = Debug|Any CPU
		{DACB2872-F6B6-4302-B099-BE07CD6C8A4C}.Debug|x64.Build.0 = Debug|Any CPU
		{DACB2872-F6B6-4302-B099-BE07CD6C8A4C}.Debug|x86.ActiveCfg = Debug|Any CPU
		{DACB2872-F6B6-4302-B099-BE07CD6C8A4C}.Debug|x86.Build.0 = Debug|Any CPU
		{DACB2872-F6B6-4302-B099-BE07CD6C8A4C}.Release|Any CPU.ActiveCfg = Release|Any CPU
		{DACB2872-F6B6-4302-B099-BE07CD6C8A4C}.Release|Any CPU.Build.0 = Release|Any CPU
		{DACB2872-F6B6-4302-B099-BE07CD6C8A4C}.Release|x64.ActiveCfg = Release|Any CPU
		{DACB2872-F6B6-4302-B099-BE07CD6C8A4C}.Release|x64.Build.0 = Release|Any CPU
		{DACB2872-F6B6-4302-B099-BE07CD6C8A4C}.Release|x86.ActiveCfg = Release|Any CPU
		{DACB2872-F6B6-4302-B099-BE07CD6C8A4C}.Release|x86.Build.0 = Release|Any CPU
	EndGlobalSection
	GlobalSection(SolutionProperties) = preSolution
		HideSolutionNode = FALSE
	EndGlobalSection
	GlobalSection(NestedProjects) = preSolution
		{8D2AD0E1-44E7-4673-874C-7CE148FADF46} = {827E0CD3-B72D-47B6-A68D-7590B98EB39B}
		{A8F17C2B-4A1B-44E2-8341-C3534002605B} = {827E0CD3-B72D-47B6-A68D-7590B98EB39B}
		{8AA99EAF-D036-45F8-8496-DDAA2EA86EA5} = {827E0CD3-B72D-47B6-A68D-7590B98EB39B}
		{C0B764AB-3DED-4A64-AE4A-13F3823C20F5} = {827E0CD3-B72D-47B6-A68D-7590B98EB39B}
		{2474DA8B-8078-48C9-9676-04DC9411AFD3} = {0AB3BF05-4346-4AA6-1389-037BE0695223}
		{957D0C99-8CB1-4D6D-8DFE-FD4CDF1DC37B} = {0AB3BF05-4346-4AA6-1389-037BE0695223}
		{EA3DF0A2-4516-42B6-8766-4E897524C875} = {0AB3BF05-4346-4AA6-1389-037BE0695223}
		{DBF438D3-E127-401E-9B3A-C19BB7CBCD6E} = {4F52FD11-658E-A102-6CD3-7D7C16FFA15B}
		{DACB2872-F6B6-4302-B099-BE07CD6C8A4C} = {4F52FD11-658E-A102-6CD3-7D7C16FFA15B}
	EndGlobalSection
EndGlobal
